
Microsoft Visual Studio Solution File, Format Version 12.00
# Visual Studio Version 16
VisualStudioVersion = 16.0.30413.136
MinimumVisualStudioVersion = 10.0.40219.1
Project("{FAE04EC0-301F-11D3-BF4B-00C04F79EFBC}") = "SuperHeroes", "SuperHeroes\SuperHeroes.csproj", "{A0CF3EA3-07E2-4069-9D0E-888AE893479D}"
EndProject
Global
	GlobalSection(SolutionConfigurationPlatforms) = preSolution
		Debug|Any CPU = Debug|Any CPU
		Release|Any CPU = Release|Any CPU
	EndGlobalSection
	GlobalSection(ProjectConfigurationPlatforms) = postSolution
		{A0CF3EA3-07E2-4069-9D0E-888AE893479D}.Debug|Any CPU.ActiveCfg = Debug|Any CPU
		{A0CF3EA3-07E2-4069-9D0E-888AE893479D}.Debug|Any CPU.Build.0 = Debug|Any CPU
		{A0CF3EA3-07E2-4069-9D0E-888AE893479D}.Release|Any CPU.ActiveCfg = Release|Any CPU
		{A0CF3EA3-07E2-4069-9D0E-888AE893479D}.Release|Any CPU.Build.0 = Release|Any CPU
	EndGlobalSection
	GlobalSection(SolutionProperties) = preSolution
		HideSolutionNode = FALSE
	EndGlobalSection
	GlobalSection(ExtensibilityGlobals) = postSolution
		SolutionGuid = {C896CC06-DA52-4E70-B91A-B6DE408C7E23}
	EndGlobalSection
EndGlobal
